
Microsoft Visual Studio Solution File, Format Version 12.00
# Visual Studio Version 17
VisualStudioVersion = 17.6.33723.286
MinimumVisualStudioVersion = 10.0.40219.1
Project("{8BC9CEB8-8B4A-11D0-8D11-00A0C91BC942}") = "DirectX12Grimoire", "DirectX12Grimoire\DirectX12Grimoire.vcxproj", "{2CDE7CC1-FE6D-4DC1-A4FD-57ACAB9832DA}"
EndProject
Global
	GlobalSection(SolutionConfigurationPlatforms) = preSolution
		Debug|x64 = Debug|x64
		Debug|x86 = Debug|x86
		Release|x64 = Release|x64
		Release|x86 = Release|x86
	EndGlobalSection
	GlobalSection(ProjectConfigurationPlatforms) = postSolution
		{2CDE7CC1-FE6D-4DC1-A4FD-57ACAB9832DA}.Debug|x64.ActiveCfg = Debug|x64
		{2CDE7CC1-FE6D-4DC1-A4FD-57ACAB9832DA}.Debug|x64.Build.0 = Debug|x64
		{2CDE7CC1-FE6D-4DC1-A4FD-57ACAB9832DA}.Debug|x86.ActiveCfg = Debug|Win32
		{2CDE7CC1-FE6D-4DC1-A4FD-57ACAB9832DA}.Debug|x86.Build.0 = Debug|Win32
		{2CDE7CC1-FE6D-4DC1-A4FD-57ACAB9832DA}.Release|x64.ActiveCfg = Release|x64
		{2CDE7CC1-FE6D-4DC1-A4FD-57ACAB9832DA}.Release|x64.Build.0 = Release|x64
		{2CDE7CC1-FE6D-4DC1-A4FD-57ACAB9832DA}.Release|x86.ActiveCfg = Release|Win32
		{2CDE7CC1-FE6D-4DC1-A4FD-57ACAB9832DA}.Release|x86.Build.0 = Release|Win32
	EndGlobalSection
	GlobalSection(SolutionProperties) = preSolution
		HideSolutionNode = FALSE
	EndGlobalSection
	GlobalSection(ExtensibilityGlobals) = postSolution
		SolutionGuid = {DDF767F9-1412-4A70-82A8-CCA5B37162AD}
	EndGlobalSection
EndGlobal
